
Microsoft Visual Studio Solution File, Format Version 12.00
# Visual Studio 2013
VisualStudioVersion = 12.0.40629.0
MinimumVisualStudioVersion = 10.0.40219.1
Project("{FAE04EC0-301F-11D3-BF4B-00C04F79EFBC}") = "InstagramCSharp", "InstagramCSharp\InstagramCSharp.csproj", "{824F4731-C1C7-47E0-A7DE-37EADB145AEA}"
EndProject
Global
	GlobalSection(SolutionConfigurationPlatforms) = preSolution
		Debug|Any CPU = Debug|Any CPU
		Release|Any CPU = Release|Any CPU
	EndGlobalSection
	GlobalSection(ProjectConfigurationPlatforms) = postSolution
		{824F4731-C1C7-47E0-A7DE-37EADB145AEA}.Debug|Any CPU.ActiveCfg = Debug|Any CPU
		{824F4731-C1C7-47E0-A7DE-37EADB145AEA}.Debug|Any CPU.Build.0 = Debug|Any CPU
		{824F4731-C1C7-47E0-A7DE-37EADB145AEA}.Release|Any CPU.ActiveCfg = Release|Any CPU
		{824F4731-C1C7-47E0-A7DE-37EADB145AEA}.Release|Any CPU.Build.0 = Release|Any CPU
	EndGlobalSection
	GlobalSection(SolutionProperties) = preSolution
		HideSolutionNode = FALSE
	EndGlobalSection
EndGlobal
